
Microsoft Visual Studio Solution File, Format Version 12.00
# Visual Studio Version 17
VisualStudioVersion = 17.2.32616.157
MinimumVisualStudioVersion = 10.0.40219.1
Project("{FAE04EC0-301F-11D3-BF4B-00C04F79EFBC}") = "ControlSystem", "ControlSystem\ControlSystem.csproj", "{6703F3B2-BE01-45DF-9A17-0399BBEB09D7}"
EndProject
Global
	GlobalSection(SolutionConfigurationPlatforms) = preSolution
		Debug|Any CPU = Debug|Any CPU
		Release|Any CPU = Release|Any CPU
	EndGlobalSection
	GlobalSection(ProjectConfigurationPlatforms) = postSolution
		{6703F3B2-BE01-45DF-9A17-0399BBEB09D7}.Debug|Any CPU.ActiveCfg = Debug|Any CPU
		{6703F3B2-BE01-45DF-9A17-0399BBEB09D7}.Debug|Any CPU.Build.0 = Debug|Any CPU
		{6703F3B2-BE01-45DF-9A17-0399BBEB09D7}.Release|Any CPU.ActiveCfg = Release|Any CPU
		{6703F3B2-BE01-45DF-9A17-0399BBEB09D7}.Release|Any CPU.Build.0 = Release|Any CPU
	EndGlobalSection
	GlobalSection(SolutionProperties) = preSolution
		HideSolutionNode = FALSE
	EndGlobalSection
	GlobalSection(ExtensibilityGlobals) = postSolution
		SolutionGuid = {5D8E1FF2-0BCE-461C-B5D7-1AFB8A0B378B}
	EndGlobalSection
EndGlobal
